{
  "template_version": "2.0.0",
  "source_revision": "654a017",
  "source_dirty": false,
  "schema_version": 2,
  "core_hashes": {
    "core/discussions/_template.md": "a033e3ae35303535b2ce219d33efd491863f9c09dc6581b847dddee8b3ab6bae",
    "core/discussions/_template_continue.md": "6c5c2056850db538c6177e4fdc6bd5f47c5f843023fd71d6e61f27c046eb6000",
    "core/discussions/_template_prompt.md": "9456d8d2fbdffb82a150e205dcd1a60bb2595d1810d67a8fcacbe1788cf02d5e",
    "core/discussions/_template_prompt_web.md": "9456d8d2fbdffb82a150e205dcd1a60bb2595d1810d67a8fcacbe1788cf02d5e",
    "core/discussions/_template_spawn.md": "4c7c9454c88b25bef4f507c89a0f0efa18586bf61e0cbd4dc267cce41a6d5090",
    "core/discussions/docs/EXAMPLE.md": "624c27c64e3d15ea9f7df52146ad77052c219929d3207791c62234fb24cf8ee3",
    "core/discussions/docs/MULTI_AGENT_PROTOCOL.md": "5d7dfc5ebd9384b67565cacf59fd4b81e7ac3623115ba38986892cc419d00729",
    "core/discussions/docs/WORKFLOW.md": "27557fcbdfbe8d1c596eb5b51076a68759f005beec27f501ba795d8ca66200b2",
    "core/discussions/scripts/discuss.py": "b1296486797405a0b87d4940d5b71364c5e1526b0fc1930026258b13ad3a54e1",
    "core/discussions/scripts/README.md": "6d016ecb4328b97e6d8b6781d7b8b1c31a2aa7a9a581ab3be1aa1c9ee5ac8269",
    "core/docs/INDEX.md": "d9940fd8c9f43472e9d927a825fa56523cd6011a42a9673a56040a1981817c20",
    "core/docs/profiles.md": "51bbc73b0292a70c94d46201a5968b996c2f6844bcd255babafacfe1d4b5a590",
    "core/docs/task-schema.md": "9ce331580f1e1df4d8eb14033841df66f308a6e3bcadd1ed29442103eb0f215c",
    "core/docs/workflow.md": "79b288f0a5cd2a426dcefd253a1ec26a1af25e424c9278b2e069e7488eb27e06",
    "core/examples/model-policy.example.md": "4e45c1348a0068d8810a16ea433090fc788320f42aceb4cbdaa52071d21b2a34",
    "core/examples/profile.example.yaml": "00b80f8bf073133f372ca86240ce544341883869955a0c58e43f070e40c9e4a7",
    "core/examples/profiles/b24-readonly.yaml": "ee863ca3a546546e9a6ea9867d4f31af4452b648e10e501c86b645ad3189923c",
    "core/examples/profiles/ble-hardware.yaml": "86cc0d060f36f1fa4c75aea2d2a5080f729aa92323dfc7bb4e2548e5df6cab48",
    "core/examples/profiles/esp-idf.yaml": "082079007722cc6a16da036c326f9f377092215b50399eecd519dd8af360d37c",
    "core/examples/profiles/flutter-core.yaml": "96510396b7892c7ae71b9f499adb92f5f4f5641bfa185d715e9bb1b12b4a83b7",
    "core/examples/profiles/ts-generator.yaml": "41fdb7f44661b97665fe2040fe4f218e34a6df2a2494fd2ed70a397b8922d938",
    "core/guides/folder_structure.md": "7352fa9645147cfba82a04375f1e0bb94a507fb28486fa172b31099d03bc17b8",
    "core/guides/migration-v1-to-v2.md": "b6516899810a2aeb9168be1a66827bf9d10b68460106c3b35ceb5a4c76b9a75e",
    "core/guides/user_guide.md": "87af9d746b139a3cc35e273adfc86cdbc4002c45faddcb3b35ebbd1f983e7055",
    "core/guides/worktree_guide.md": "52ac60dc65e8df345a57cca2348862a3a528a88fd11b76a27dc7ee662cd56d8e",
    "core/prompts/adversarial-reviewer.prompt.md": "2a5beb5f25244d543679ea59dda5d8700d23d70810a7a8fa98c58d1679b89720",
    "core/prompts/executor.prompt.md": "da20807bdf706f887081bea6e1eea9a8b6c4f9dea9f4b85e971461635c256f9c",
    "core/prompts/finalize.prompt.md": "3864e7667bb86821f8770fbfc3a624427d2dab2701d272121cb8932070820780",
    "core/prompts/reviewer.prompt.md": "d4adbdc00d2aad95f4a9e72e9990abb3546ab274fc35e775fda720f78fc2d203",
    "core/prompts/teamlead.prompt.md": "56ec4d695a1dd3fb38da949a44184ca124277b3fb9241eeaee4e62393bc8a540",
    "core/README.md": "5d3a15be0f0554f6fde80c69cc4bb40b956a364b39a73c610232c193fb3e7046",
    "core/scripts/new_task.py": "8f42ae0d8c0abc8b440cc733667c8ce4f3ccbd7f1d440f6bfbd6e3ca9ff28a85",
    "core/scripts/profile.py": "74add170365e298a16c171a5334c9e57cc7b1356e48d67e2fc0d904316408591",
    "core/scripts/requirements.txt": "ad02c4a31e5e415d72711c467536be36e0885595f7b64d28012178ed797f5d6d",
    "core/scripts/sync.py": "9a1e4d7346f23e7214f772b53c10c08d789853229dfcf4cf82c945fa3a9fbea6",
    "core/scripts/task.py": "8521fdc02639fee2347a12f07cb52bb7770f33d0eac2b931a11d902a5fa4d602",
    "core/scripts/test_stdio_utf8.py": "b943940479f8f6edd02e8408b81c5336029411d54265cc8de9f143b8c5f15657",
    "core/scripts/test_sync.py": "fea359b75a89a3f0f261bc3ec7d0994b683b3483e66dbc0419f9291068497ada",
    "core/scripts/test_task.py": "38d167fac1f81b83ea35728cd70189fe0580f57c223951e9950cb75c8e39a6db",
    "core/tasks/_template/report.md": "60df8d141ec5a5d58fb601e38bf30486febd3c03dbb4f16a260e665a3773e9d4",
    "core/tasks/_template/task.md": "f23cd85c61c183c97685cca1ecbe58cfd1c0c468430ccec7de10abe2ea67b625",
    "core/version.md": "7d4123556031ebcea8ea2dec6403faa3c2f4c8a67a84bcbd360da8cbba77164a"
  }
}
