{
  "template_version": "2.0.0",
  "source_revision": "30a73fd",
  "source_dirty": false,
  "schema_version": 2,
  "core_hashes": {
    "core/discussions/_template.md": "a033e3ae35303535b2ce219d33efd491863f9c09dc6581b847dddee8b3ab6bae",
    "core/discussions/_template_continue.md": "6c5c2056850db538c6177e4fdc6bd5f47c5f843023fd71d6e61f27c046eb6000",
    "core/discussions/_template_prompt.md": "9456d8d2fbdffb82a150e205dcd1a60bb2595d1810d67a8fcacbe1788cf02d5e",
    "core/discussions/_template_prompt_web.md": "9456d8d2fbdffb82a150e205dcd1a60bb2595d1810d67a8fcacbe1788cf02d5e",
    "core/discussions/_template_spawn.md": "4c7c9454c88b25bef4f507c89a0f0efa18586bf61e0cbd4dc267cce41a6d5090",
    "core/discussions/docs/EXAMPLE.md": "624c27c64e3d15ea9f7df52146ad77052c219929d3207791c62234fb24cf8ee3",
    "core/discussions/docs/MULTI_AGENT_PROTOCOL.md": "5d7dfc5ebd9384b67565cacf59fd4b81e7ac3623115ba38986892cc419d00729",
    "core/discussions/docs/WORKFLOW.md": "27557fcbdfbe8d1c596eb5b51076a68759f005beec27f501ba795d8ca66200b2",
    "core/discussions/scripts/discuss.py": "d3e9b3374087e1dd2057c22fd4120c3a99b13e5662bf99816611f54225723459",
    "core/discussions/scripts/README.md": "6d016ecb4328b97e6d8b6781d7b8b1c31a2aa7a9a581ab3be1aa1c9ee5ac8269",
    "core/docs/INDEX.md": "3d2f542ac167cec946e2a6681c66d830c51d042e16fefe20164dbfa85c9a1fdd",
    "core/docs/profiles.md": "0fe10917b021eea68b4a098ae4ae26a894c8d02c8f90f97eb2a21f45b0d69490",
    "core/docs/task-schema.md": "ac9f5eda7db66310c456e48783f64065d89778bbb01bc78b20f57a6fbfb18f5f",
    "core/docs/workflow.md": "e3502288170dce562e9220136ce230fe03b60441568764fa626188921a97db11",
    "core/examples/profile.example.yaml": "00b80f8bf073133f372ca86240ce544341883869955a0c58e43f070e40c9e4a7",
    "core/examples/profiles/b24-readonly.yaml": "ee863ca3a546546e9a6ea9867d4f31af4452b648e10e501c86b645ad3189923c",
    "core/examples/profiles/ble-hardware.yaml": "86cc0d060f36f1fa4c75aea2d2a5080f729aa92323dfc7bb4e2548e5df6cab48",
    "core/examples/profiles/esp-idf.yaml": "082079007722cc6a16da036c326f9f377092215b50399eecd519dd8af360d37c",
    "core/examples/profiles/flutter-core.yaml": "96510396b7892c7ae71b9f499adb92f5f4f5641bfa185d715e9bb1b12b4a83b7",
    "core/examples/profiles/ts-generator.yaml": "41fdb7f44661b97665fe2040fe4f218e34a6df2a2494fd2ed70a397b8922d938",
    "core/guides/folder_structure.md": "7352fa9645147cfba82a04375f1e0bb94a507fb28486fa172b31099d03bc17b8",
    "core/guides/migration-v1-to-v2.md": "44cb498783d9c3d72b228ceb72ad0e4a680038f90d840fa3e8dc0765ab3e2d7a",
    "core/guides/user_guide.md": "87af9d746b139a3cc35e273adfc86cdbc4002c45faddcb3b35ebbd1f983e7055",
    "core/guides/worktree_guide.md": "52ac60dc65e8df345a57cca2348862a3a528a88fd11b76a27dc7ee662cd56d8e",
    "core/prompts/adversarial-reviewer.prompt.md": "2a5beb5f25244d543679ea59dda5d8700d23d70810a7a8fa98c58d1679b89720",
    "core/prompts/executor.prompt.md": "0d3f51b93084c3e48ecb559f3d44cfa411781eddf71b998ebe116a67fbd9cd91",
    "core/prompts/finalize.prompt.md": "3864e7667bb86821f8770fbfc3a624427d2dab2701d272121cb8932070820780",
    "core/prompts/reviewer.prompt.md": "d4adbdc00d2aad95f4a9e72e9990abb3546ab274fc35e775fda720f78fc2d203",
    "core/prompts/teamlead.prompt.md": "e6eb6f2bc3f4e1a45e29546ce9a90fab8bf449779c0974aa9b90efd34e4147f6",
    "core/README.md": "5a79f00cdc29868d7d6d04c9ff7ced6c4595666f976eb13ae36b254ccad26ffd",
    "core/scripts/new_task.py": "d8e98d4b0d425c91be970847ff374b86796d48b059441dbda6b718d2a8333372",
    "core/scripts/profile.py": "537821ab3cbe91b2e1e4023d0069ae6dfb288c502f599ffc514ff339a7d717e2",
    "core/scripts/requirements.txt": "ad02c4a31e5e415d72711c467536be36e0885595f7b64d28012178ed797f5d6d",
    "core/scripts/sync.py": "a6d6993338dc6f5e8b8cc6f877a3f52a32486b0e85aee88abbf0a4869e489748",
    "core/scripts/task.py": "e8229f2d9752aedf01de42453707fd83caaf79ebf0d1d21df8f6d85a257e888e",
    "core/scripts/test_sync.py": "a3e7f7da5a14487b473ee65acd369ad2d21dd6e7a43983fd2d79018c11686149",
    "core/tasks/_template/report.md": "b491444c65d1ad505ca08357879f283c717208827de9d073fc33f750d18288f1",
    "core/tasks/_template/task.md": "f5357b428361282ce6075f2bde2efd4e2999bf9d99c67b33e4d905133a16a5a1",
    "core/version.md": "7d4123556031ebcea8ea2dec6403faa3c2f4c8a67a84bcbd360da8cbba77164a"
  }
}
